// !$*UTF8*$!
{
	archiveVersion = 1;
	classes = {
	};
	objectVersion = 46;
	objects = {

/* Begin PBXBuildFile section */
		2D92D25E1CCC2A5D00FCA5D4 /* AppDelegate.swift in Sources */ = {isa = PBXBuildFile; fileRef = 2D92D25D1CCC2A5D00FCA5D4 /* AppDelegate.swift */; };
		2D92D2601CCC2A5D00FCA5D4 /* ViewController.swift in Sources */ = {isa = PBXBuildFile; fileRef = 2D92D25F1CCC2A5D00FCA5D4 /* ViewController.swift */; };
		2D92D2631CCC2A5D00FCA5D4 /* Main.storyboard in Resources */ = {isa = PBXBuildFile; fileRef = 2D92D2611CCC2A5D00FCA5D4 /* Main.storyboard */; };
		2D92D2651CCC2A5D00FCA5D4 /* Assets.xcassets in Resources */ = {isa = PBXBuildFile; fileRef = 2D92D2641CCC2A5D00FCA5D4 /* Assets.xcassets */; };
		2D92D2681CCC2A5D00FCA5D4 /* LaunchScreen.storyboard in Resources */ = {isa = PBXBuildFile; fileRef = 2D92D2661CCC2A5D00FCA5D4 /* LaunchScreen.storyboard */; };
		2D92D2731CCC2A5D00FCA5D4 /* TransMuzikTests.swift in Sources */ = {isa = PBXBuildFile; fileRef = 2D92D2721CCC2A5D00FCA5D4 /* TransMuzikTests.swift */; };
		2D92D27E1CCC2A5D00FCA5D4 /* TransMuzikUITests.swift in Sources */ = {isa = PBXBuildFile; fileRef = 2D92D27D1CCC2A5D00FCA5D4 /* TransMuzikUITests.swift */; };
		414554B61CCC2DD500AC1697 /* libMZAccessory.a in Frameworks */ = {isa = PBXBuildFile; fileRef = 414554B51CCC2DD500AC1697 /* libMZAccessory.a */; };
		414554B81CCC2E1700AC1697 /* ExternalAccessory.framework in Frameworks */ = {isa = PBXBuildFile; fileRef = 414554B71CCC2E1700AC1697 /* ExternalAccessory.framework */; };
/* End PBXBuildFile section */

/* Begin PBXContainerItemProxy section */
		2D92D26F1CCC2A5D00FCA5D4 /* PBXContainerItemProxy */ = {
			isa = PBXContainerItemProxy;
			containerPortal = 2D92D2521CCC2A5D00FCA5D4 /* Project object */;
			proxyType = 1;
			remoteGlobalIDString = 2D92D2591CCC2A5D00FCA5D4;
			remoteInfo = TransMuzik;
		};
		2D92D27A1CCC2A5D00FCA5D4 /* PBXContainerItemProxy */ = {
			isa = PBXContainerItemProxy;
			containerPortal = 2D92D2521CCC2A5D00FCA5D4 /* Project object */;
			proxyType = 1;
			remoteGlobalIDString = 2D92D2591CCC2A5D00FCA5D4;
			remoteInfo = TransMuzik;
		};
/* End PBXContainerItemProxy section */

/* Begin PBXFileReference section */
		2D92D25A1CCC2A5D00FCA5D4 /* TransMuzik.app */ = {isa = PBXFileReference; explicitFileType = wrapper.application; includeInIndex = 0; path = TransMuzik.app; sourceTree = BUILT_PRODUCTS_DIR; };
		2D92D25D1CCC2A5D00FCA5D4 /* AppDelegate.swift */ = {isa = PBXFileReference; lastKnownFileType = sourcecode.swift; path = AppDelegate.swift; sourceTree = "<group>"; };
		2D92D25F1CCC2A5D00FCA5D4 /* ViewController.swift */ = {isa = PBXFileReference; lastKnownFileType = sourcecode.swift; path = ViewController.swift; sourceTree = "<group>"; };
		2D92D2621CCC2A5D00FCA5D4 /* Base */ = {isa = PBXFileReference; lastKnownFileType = file.storyboard; name = Base; path = Base.lproj/Main.storyboard; sourceTree = "<group>"; };
		2D92D2641CCC2A5D00FCA5D4 /* Assets.xcassets */ = {isa = PBXFileReference; lastKnownFileType = folder.assetcatalog; path = Assets.xcassets; sourceTree = "<group>"; };
		2D92D2671CCC2A5D00FCA5D4 /* Base */ = {isa = PBXFileReference; lastKnownFileType = file.storyboard; name = Base; path = Base.lproj/LaunchScreen.storyboard; sourceTree = "<group>"; };
		2D92D2691CCC2A5D00FCA5D4 /* Info.plist */ = {isa = PBXFileReference; lastKnownFileType = text.plist.xml; path = Info.plist; sourceTree = "<group>"; };
		2D92D26E1CCC2A5D00FCA5D4 /* TransMuzikTests.xctest */ = {isa = PBXFileReference; explicitFileType = wrapper.cfbundle; includeInIndex = 0; path = TransMuzikTests.xctest; sourceTree = BUILT_PRODUCTS_DIR; };
		2D92D2721CCC2A5D00FCA5D4 /* TransMuzikTests.swift */ = {isa = PBXFileReference; lastKnownFileType = sourcecode.swift; path = TransMuzikTests.swift; sourceTree = "<group>"; };
		2D92D2741CCC2A5D00FCA5D4 /* Info.plist */ = {isa = PBXFileReference; lastKnownFileType = text.plist.xml; path = Info.plist; sourceTree = "<group>"; };
		2D92D2791CCC2A5D00FCA5D4 /* TransMuzikUITests.xctest */ = {isa = PBXFileReference; explicitFileType = wrapper.cfbundle; includeInIndex = 0; path = TransMuzikUITests.xctest; sourceTree = BUILT_PRODUCTS_DIR; };
		2D92D27D1CCC2A5D00FCA5D4 /* TransMuzikUITests.swift */ = {isa = PBXFileReference; lastKnownFileType = sourcecode.swift; path = TransMuzikUITests.swift; sourceTree = "<group>"; };
		2D92D27F1CCC2A5D00FCA5D4 /* Info.plist */ = {isa = PBXFileReference; lastKnownFileType = text.plist.xml; path = Info.plist; sourceTree = "<group>"; };
		414554B51CCC2DD500AC1697 /* libMZAccessory.a */ = {isa = PBXFileReference; lastKnownFileType = archive.ar; path = libMZAccessory.a; sourceTree = "<group>"; };
		414554B71CCC2E1700AC1697 /* ExternalAccessory.framework */ = {isa = PBXFileReference; lastKnownFileType = wrapper.framework; name = ExternalAccessory.framework; path = System/Library/Frameworks/ExternalAccessory.framework; sourceTree = SDKROOT; };
/* End PBXFileReference section */

/* Begin PBXFrameworksBuildPhase section */
		2D92D2571CCC2A5D00FCA5D4 /* Frameworks */ = {
			isa = PBXFrameworksBuildPhase;
			buildActionMask = 2147483647;
			files = (
				414554B81CCC2E1700AC1697 /* ExternalAccessory.framework in Frameworks */,
				414554B61CCC2DD500AC1697 /* libMZAccessory.a in Frameworks */,
			);
			runOnlyForDeploymentPostprocessing = 0;
		};
		2D92D26B1CCC2A5D00FCA5D4 /* Frameworks */ = {
			isa = PBXFrameworksBuildPhase;
			buildActionMask = 2147483647;
			files = (
			);
			runOnlyForDeploymentPostprocessing = 0;
		};
		2D92D2761CCC2A5D00FCA5D4 /* Frameworks */ = {
			isa = PBXFrameworksBuildPhase;
			buildActionMask = 2147483647;
			files = (
			);
			runOnlyForDeploymentPostprocessing = 0;
		};
/* End PBXFrameworksBuildPhase section */

/* Begin PBXGroup section */
		2D92D2511CCC2A5D00FCA5D4 = {
			isa = PBXGroup;
			children = (
				414554B71CCC2E1700AC1697 /* ExternalAccessory.framework */,
				2D92D25C1CCC2A5D00FCA5D4 /* TransMuzik */,
				2D92D2711CCC2A5D00FCA5D4 /* TransMuzikTests */,
				2D92D27C1CCC2A5D00FCA5D4 /* TransMuzikUITests */,
				2D92D25B1CCC2A5D00FCA5D4 /* Products */,
			);
			sourceTree = "<group>";
		};
		2D92D25B1CCC2A5D00FCA5D4 /* Products */ = {
			isa = PBXGroup;
			children = (
				2D92D25A1CCC2A5D00FCA5D4 /* TransMuzik.app */,
				2D92D26E1CCC2A5D00FCA5D4 /* TransMuzikTests.xctest */,
				2D92D2791CCC2A5D00FCA5D4 /* TransMuzikUITests.xctest */,
			);
			name = Products;
			sourceTree = "<group>";
		};
		2D92D25C1CCC2A5D00FCA5D4 /* TransMuzik */ = {
			isa = PBXGroup;
			children = (
				2D92D25D1CCC2A5D00FCA5D4 /* AppDelegate.swift */,
				2D92D25F1CCC2A5D00FCA5D4 /* ViewController.swift */,
				2D92D2611CCC2A5D00FCA5D4 /* Main.storyboard */,
				2D92D2641CCC2A5D00FCA5D4 /* Assets.xcassets */,
				2D92D2661CCC2A5D00FCA5D4 /* LaunchScreen.storyboard */,
				2D92D2691CCC2A5D00FCA5D4 /* Info.plist */,
				414554B41CCC2DC700AC1697 /* lib */,
			);
			path = TransMuzik;
			sourceTree = "<group>";
		};
		2D92D2711CCC2A5D00FCA5D4 /* TransMuzikTests */ = {
			isa = PBXGroup;
			children = (
				2D92D2721CCC2A5D00FCA5D4 /* TransMuzikTests.swift */,
				2D92D2741CCC2A5D00FCA5D4 /* Info.plist */,
			);
			path = TransMuzikTests;
			sourceTree = "<group>";
		};
		2D92D27C1CCC2A5D00FCA5D4 /* TransMuzikUITests */ = {
			isa = PBXGroup;
			children = (
				2D92D27D1CCC2A5D00FCA5D4 /* TransMuzikUITests.swift */,
				2D92D27F1CCC2A5D00FCA5D4 /* Info.plist */,
			);
			path = TransMuzikUITests;
			sourceTree = "<group>";
		};
		414554B41CCC2DC700AC1697 /* lib */ = {
			isa = PBXGroup;
			children = (
				414554B51CCC2DD500AC1697 /* libMZAccessory.a */,
			);
			name = lib;
			sourceTree = "<group>";
		};
/* End PBXGroup section */

/* Begin PBXNativeTarget section */
		2D92D2591CCC2A5D00FCA5D4 /* TransMuzik */ = {
			isa = PBXNativeTarget;
			buildConfigurationList = 2D92D2821CCC2A5D00FCA5D4 /* Build configuration list for PBXNativeTarget "TransMuzik" */;
			buildPhases = (
				2D92D2561CCC2A5D00FCA5D4 /* Sources */,
				2D92D2571CCC2A5D00FCA5D4 /* Frameworks */,
				2D92D2581CCC2A5D00FCA5D4 /* Resources */,
			);
			buildRules = (
			);
			dependencies = (
			);
			name = TransMuzik;
			productName = TransMuzik;
			productReference = 2D92D25A1CCC2A5D00FCA5D4 /* TransMuzik.app */;
			productType = "com.apple.product-type.application";
		};
		2D92D26D1CCC2A5D00FCA5D4 /* TransMuzikTests */ = {
			isa = PBXNativeTarget;
			buildConfigurationList = 2D92D2851CCC2A5D00FCA5D4 /* Build configuration list for PBXNativeTarget "TransMuzikTests" */;
			buildPhases = (
				2D92D26A1CCC2A5D00FCA5D4 /* Sources */,
				2D92D26B1CCC2A5D00FCA5D4 /* Frameworks */,
				2D92D26C1CCC2A5D00FCA5D4 /* Resources */,
			);
			buildRules = (
			);
			dependencies = (
				2D92D2701CCC2A5D00FCA5D4 /* PBXTargetDependency */,
			);
			name = TransMuzikTests;
			productName = TransMuzikTests;
			productReference = 2D92D26E1CCC2A5D00FCA5D4 /* TransMuzikTests.xctest */;
			productType = "com.apple.product-type.bundle.unit-test";
		};
		2D92D2781CCC2A5D00FCA5D4 /* TransMuzikUITests */ = {
			isa = PBXNativeTarget;
			buildConfigurationList = 2D92D2881CCC2A5D00FCA5D4 /* Build configuration list for PBXNativeTarget "TransMuzikUITests" */;
			buildPhases = (
				2D92D2751CCC2A5D00FCA5D4 /* Sources */,
				2D92D2761CCC2A5D00FCA5D4 /* Frameworks */,
				2D92D2771CCC2A5D00FCA5D4 /* Resources */,
			);
			buildRules = (
			);
			dependencies = (
				2D92D27B1CCC2A5D00FCA5D4 /* PBXTargetDependency */,
			);
			name = TransMuzikUITests;
			productName = TransMuzikUITests;
			productReference = 2D92D2791CCC2A5D00FCA5D4 /* TransMuzikUITests.xctest */;
			productType = "com.apple.product-type.bundle.ui-testing";
		};
/* End PBXNativeTarget section */

/* Begin PBXProject section */
		2D92D2521CCC2A5D00FCA5D4 /* Project object */ = {
			isa = PBXProject;
			attributes = {
				LastSwiftUpdateCheck = 0730;
				LastUpgradeCheck = 0730;
				ORGANIZATIONNAME = nb;
				TargetAttributes = {
					2D92D2591CCC2A5D00FCA5D4 = {
						CreatedOnToolsVersion = 7.3;
						DevelopmentTeam = 7FTNN876X5;
					};
					2D92D26D1CCC2A5D00FCA5D4 = {
						CreatedOnToolsVersion = 7.3;
						TestTargetID = 2D92D2591CCC2A5D00FCA5D4;
					};
					2D92D2781CCC2A5D00FCA5D4 = {
						CreatedOnToolsVersion = 7.3;
						TestTargetID = 2D92D2591CCC2A5D00FCA5D4;
					};
				};
			};
			buildConfigurationList = 2D92D2551CCC2A5D00FCA5D4 /* Build configuration list for PBXProject "TransMuzik" */;
			compatibilityVersion = "Xcode 3.2";
			developmentRegion = English;
			hasScannedForEncodings = 0;
			knownRegions = (
				en,
				Base,
			);
			mainGroup = 2D92D2511CCC2A5D00FCA5D4;
			productRefGroup = 2D92D25B1CCC2A5D00FCA5D4 /* Products */;
			projectDirPath = "";
			projectRoot = "";
			targets = (
				2D92D2591CCC2A5D00FCA5D4 /* TransMuzik */,
				2D92D26D1CCC2A5D00FCA5D4 /* TransMuzikTests */,
				2D92D2781CCC2A5D00FCA5D4 /* TransMuzikUITests */,
			);
		};
/* End PBXProject section */

/* Begin PBXResourcesBuildPhase section */
		2D92D2581CCC2A5D00FCA5D4 /* Resources */ = {
			isa = PBXResourcesBuildPhase;
			buildActionMask = 2147483647;
			files = (
				2D92D2681CCC2A5D00FCA5D4 /* LaunchScreen.storyboard in Resources */,
				2D92D2651CCC2A5D00FCA5D4 /* Assets.xcassets in Resources */,
				2D92D2631CCC2A5D00FCA5D4 /* Main.storyboard in Resources */,
			);
			runOnlyForDeploymentPostprocessing = 0;
		};
		2D92D26C1CCC2A5D00FCA5D4 /* Resources */ = {
			isa = PBXResourcesBuildPhase;
			buildActionMask = 2147483647;
			files = (
			);
			runOnlyForDeploymentPostprocessing = 0;
		};
		2D92D2771CCC2A5D00FCA5D4 /* Resources */ = {
			isa = PBXResourcesBuildPhase;
			buildActionMask = 2147483647;
			files = (
			);
			runOnlyForDeploymentPostprocessing = 0;
		};
/* End PBXResourcesBuildPhase section */

/* Begin PBXSourcesBuildPhase section */
		2D92D2561CCC2A5D00FCA5D4 /* Sources */ = {
			isa = PBXSourcesBuildPhase;
			buildActionMask = 2147483647;
			files = (
				2D92D2601CCC2A5D00FCA5D4 /* ViewController.swift in Sources */,
				2D92D25E1CCC2A5D00FCA5D4 /* AppDelegate.swift in Sources */,
			);
			runOnlyForDeploymentPostprocessing = 0;
		};
		2D92D26A1CCC2A5D00FCA5D4 /* Sources */ = {
			isa = PBXSourcesBuildPhase;
			buildActionMask = 2147483647;
			files = (
				2D92D2731CCC2A5D00FCA5D4 /* TransMuzikTests.swift in Sources */,
			);
			runOnlyForDeploymentPostprocessing = 0;
		};
		2D92D2751CCC2A5D00FCA5D4 /* Sources */ = {
			isa = PBXSourcesBuildPhase;
			buildActionMask = 2147483647;
			files = (
				2D92D27E1CCC2A5D00FCA5D4 /* TransMuzikUITests.swift in Sources */,
			);
			runOnlyForDeploymentPostprocessing = 0;
		};
/* End PBXSourcesBuildPhase section */

/* Begin PBXTargetDependency section */
		2D92D2701CCC2A5D00FCA5D4 /* PBXTargetDependency */ = {
			isa = PBXTargetDependency;
			target = 2D92D2591CCC2A5D00FCA5D4 /* TransMuzik */;
			targetProxy = 2D92D26F1CCC2A5D00FCA5D4 /* PBXContainerItemProxy */;
		};
		2D92D27B1CCC2A5D00FCA5D4 /* PBXTargetDependency */ = {
			isa = PBXTargetDependency;
			target = 2D92D2591CCC2A5D00FCA5D4 /* TransMuzik */;
			targetProxy = 2D92D27A1CCC2A5D00FCA5D4 /* PBXContainerItemProxy */;
		};
/* End PBXTargetDependency section */

/* Begin PBXVariantGroup section */
		2D92D2611CCC2A5D00FCA5D4 /* Main.storyboard */ = {
			isa = PBXVariantGroup;
			children = (
				2D92D2621CCC2A5D00FCA5D4 /* Base */,
			);
			name = Main.storyboard;
			sourceTree = "<group>";
		};
		2D92D2661CCC2A5D00FCA5D4 /* LaunchScreen.storyboard */ = {
			isa = PBXVariantGroup;
			children = (
				2D92D2671CCC2A5D00FCA5D4 /* Base */,
			);
			name = LaunchScreen.storyboard;
			sourceTree = "<group>";
		};
/* End PBXVariantGroup section */

/* Begin XCBuildConfiguration section */
		2D92D2801CCC2A5D00FCA5D4 /* Debug */ = {
			isa = XCBuildConfiguration;
			buildSettings = {
				ALWAYS_SEARCH_USER_PATHS = NO;
				CLANG_ANALYZER_NONNULL = YES;
				CLANG_CXX_LANGUAGE_STANDARD = "gnu++0x";
				CLANG_CXX_LIBRARY = "libc++";
				CLANG_ENABLE_MODULES = YES;
				CLANG_ENABLE_OBJC_ARC = YES;
				CLANG_WARN_BOOL_CONVERSION = YES;
				CLANG_WARN_CONSTANT_CONVERSION = YES;
				CLANG_WARN_DIRECT_OBJC_ISA_USAGE = YES_ERROR;
				CLANG_WARN_EMPTY_BODY = YES;
				CLANG_WARN_ENUM_CONVERSION = YES;
				CLANG_WARN_INT_CONVERSION = YES;
				CLANG_WARN_OBJC_ROOT_CLASS = YES_ERROR;
				CLANG_WARN_UNREACHABLE_CODE = YES;
				CLANG_WARN__DUPLICATE_METHOD_MATCH = YES;
				"CODE_SIGN_IDENTITY[sdk=iphoneos*]" = "iPhone Developer";
				COPY_PHASE_STRIP = NO;
				DEBUG_INFORMATION_FORMAT = dwarf;
				ENABLE_STRICT_OBJC_MSGSEND = YES;
				ENABLE_TESTABILITY = YES;
				GCC_C_LANGUAGE_STANDARD = gnu99;
				GCC_DYNAMIC_NO_PIC = NO;
				GCC_NO_COMMON_BLOCKS = YES;
				GCC_OPTIMIZATION_LEVEL = 0;
				GCC_PREPROCESSOR_DEFINITIONS = (
					"DEBUG=1",
					"$(inherited)",
				);
				GCC_WARN_64_TO_32_BIT_CONVERSION = YES;
				GCC_WARN_ABOUT_RETURN_TYPE = YES_ERROR;
				GCC_WARN_UNDECLARED_SELECTOR = YES;
				GCC_WARN_UNINITIALIZED_AUTOS = YES_AGGRESSIVE;
				GCC_WARN_UNUSED_FUNCTION = YES;
				GCC_WARN_UNUSED_VARIABLE = YES;
				IPHONEOS_DEPLOYMENT_TARGET = 9.3;
				MTL_ENABLE_DEBUG_INFO = YES;
				ONLY_ACTIVE_ARCH = YES;
				SDKROOT = iphoneos;
				SWIFT_OPTIMIZATION_LEVEL = "-Onone";
				TARGETED_DEVICE_FAMILY = "1,2";
			};
			name = Debug;
		};
		2D92D2811CCC2A5D00FCA5D4 /* Release */ = {
			isa = XCBuildConfiguration;
			buildSettings = {
				ALWAYS_SEARCH_USER_PATHS = NO;
				CLANG_ANALYZER_NONNULL = YES;
				CLANG_CXX_LANGUAGE_STANDARD = "gnu++0x";
				CLANG_CXX_LIBRARY = "libc++";
				CLANG_ENABLE_MODULES = YES;
				CLANG_ENABLE_OBJC_ARC = YES;
				CLANG_WARN_BOOL_CONVERSION = YES;
				CLANG_WARN_CONSTANT_CONVERSION = YES;
				CLANG_WARN_DIRECT_OBJC_ISA_USAGE = YES_ERROR;
				CLANG_WARN_EMPTY_BODY = YES;
				CLANG_WARN_ENUM_CONVERSION = YES;
				CLANG_WARN_INT_CONVERSION = YES;
				CLANG_WARN_OBJC_ROOT_CLASS = YES_ERROR;
				CLANG_WARN_UNREACHABLE_CODE = YES;
				CLANG_WARN__DUPLICATE_METHOD_MATCH = YES;
				"CODE_SIGN_IDENTITY[sdk=iphoneos*]" = "iPhone Developer";
				COPY_PHASE_STRIP = NO;
				DEBUG_INFORMATION_FORMAT = "dwarf-with-dsym";
				ENABLE_NS_ASSERTIONS = NO;
				ENABLE_STRICT_OBJC_MSGSEND = YES;
				GCC_C_LANGUAGE_STANDARD = gnu99;
				GCC_NO_COMMON_BLOCKS = YES;
				GCC_WARN_64_TO_32_BIT_CONVERSION = YES;
				GCC_WARN_ABOUT_RETURN_TYPE = YES_ERROR;
				GCC_WARN_UNDECLARED_SELECTOR = YES;
				GCC_WARN_UNINITIALIZED_AUTOS = YES_AGGRESSIVE;
				GCC_WARN_UNUSED_FUNCTION = YES;
				GCC_WARN_UNUSED_VARIABLE = YES;
				IPHONEOS_DEPLOYMENT_TARGET = 9.3;
				MTL_ENABLE_DEBUG_INFO = NO;
				SDKROOT = iphoneos;
				TARGETED_DEVICE_FAMILY = "1,2";
				VALIDATE_PRODUCT = YES;
			};
			name = Release;
		};
		2D92D2831CCC2A5D00FCA5D4 /* Debug */ = {
			isa = XCBuildConfiguration;
			buildSettings = {
				ALWAYS_SEARCH_USER_PATHS = YES;
				ASSETCATALOG_COMPILER_APPICON_NAME = AppIcon;
				CODE_SIGN_IDENTITY = "iPhone Developer";
				"CODE_SIGN_IDENTITY[sdk=iphoneos*]" = "iPhone Developer";
				INFOPLIST_FILE = TransMuzik/Info.plist;
				IPHONEOS_DEPLOYMENT_TARGET = 9.1;
				LD_RUNPATH_SEARCH_PATHS = "$(inherited) @executable_path/Frameworks";
				LIBRARY_SEARCH_PATHS = (
					"$(inherited)",
					"$(PROJECT_DIR)/TransMuzik",
				);
				PRODUCT_BUNDLE_IDENTIFIER = me.TransMuzik.TransMuzik;
				PRODUCT_NAME = "$(TARGET_NAME)";
				PROVISIONING_PROFILE = "";
				USER_HEADER_SEARCH_PATHS = "\"$(SRCROOT)/TransMuzik/libMZAccessory.a\"/**";
			};
			name = Debug;
		};
		2D92D2841CCC2A5D00FCA5D4 /* Release */ = {
			isa = XCBuildConfiguration;
			buildSettings = {
				ALWAYS_SEARCH_USER_PATHS = YES;
				ASSETCATALOG_COMPILER_APPICON_NAME = AppIcon;
				CODE_SIGN_IDENTITY = "iPhone Developer";
				"CODE_SIGN_IDENTITY[sdk=iphoneos*]" = "iPhone Developer";
				INFOPLIST_FILE = TransMuzik/Info.plist;
				IPHONEOS_DEPLOYMENT_TARGET = 9.1;
				LD_RUNPATH_SEARCH_PATHS = "$(inherited) @executable_path/Frameworks";
				LIBRARY_SEARCH_PATHS = (
					"$(inherited)",
					"$(PROJECT_DIR)/TransMuzik",
				);
				PRODUCT_BUNDLE_IDENTIFIER = me.TransMuzik.TransMuzik;
				PRODUCT_NAME = "$(TARGET_NAME)";
				PROVISIONING_PROFILE = "";
				USER_HEADER_SEARCH_PATHS = "\"$(SRCROOT)/TransMuzik/libMZAccessory.a\"/**";
			};
			name = Release;
		};
		2D92D2861CCC2A5D00FCA5D4 /* Debug */ = {
			isa = XCBuildConfiguration;
			buildSettings = {
				BUNDLE_LOADER = "$(TEST_HOST)";
				INFOPLIST_FILE = TransMuzikTests/Info.plist;
				LD_RUNPATH_SEARCH_PATHS = "$(inherited) @executable_path/Frameworks @loader_path/Frameworks";
				PRODUCT_BUNDLE_IDENTIFIER = TransMuzik.TransMuzikTests;
				PRODUCT_NAME = "$(TARGET_NAME)";
				TEST_HOST = "$(BUILT_PRODUCTS_DIR)/TransMuzik.app/TransMuzik";
			};
			name = Debug;
		};
		2D92D2871CCC2A5D00FCA5D4 /* Release */ = {
			isa = XCBuildConfiguration;
			buildSettings = {
				BUNDLE_LOADER = "$(TEST_HOST)";
				INFOPLIST_FILE = TransMuzikTests/Info.plist;
				LD_RUNPATH_SEARCH_PATHS = "$(inherited) @executable_path/Frameworks @loader_path/Frameworks";
				PRODUCT_BUNDLE_IDENTIFIER = TransMuzik.TransMuzikTests;
				PRODUCT_NAME = "$(TARGET_NAME)";
				TEST_HOST = "$(BUILT_PRODUCTS_DIR)/TransMuzik.app/TransMuzik";
			};
			name = Release;
		};
		2D92D2891CCC2A5D00FCA5D4 /* Debug */ = {
			isa = XCBuildConfiguration;
			buildSettings = {
				INFOPLIST_FILE = TransMuzikUITests/Info.plist;
				LD_RUNPATH_SEARCH_PATHS = "$(inherited) @executable_path/Frameworks @loader_path/Frameworks";
				PRODUCT_BUNDLE_IDENTIFIER = TransMuzik.TransMuzikUITests;
				PRODUCT_NAME = "$(TARGET_NAME)";
				TEST_TARGET_NAME = TransMuzik;
			};
			name = Debug;
		};
		2D92D28A1CCC2A5D00FCA5D4 /* Release */ = {
			isa = XCBuildConfiguration;
			buildSettings = {
				INFOPLIST_FILE = TransMuzikUITests/Info.plist;
				LD_RUNPATH_SEARCH_PATHS = "$(inherited) @executable_path/Frameworks @loader_path/Frameworks";
				PRODUCT_BUNDLE_IDENTIFIER = TransMuzik.TransMuzikUITests;
				PRODUCT_NAME = "$(TARGET_NAME)";
				TEST_TARGET_NAME = TransMuzik;
			};
			name = Release;
		};
/* End XCBuildConfiguration section */

/* Begin XCConfigurationList section */
		2D92D2551CCC2A5D00FCA5D4 /* Build configuration list for PBXProject "TransMuzik" */ = {
			isa = XCConfigurationList;
			buildConfigurations = (
				2D92D2801CCC2A5D00FCA5D4 /* Debug */,
				2D92D2811CCC2A5D00FCA5D4 /* Release */,
			);
			defaultConfigurationIsVisible = 0;
			defaultConfigurationName = Release;
		};
		2D92D2821CCC2A5D00FCA5D4 /* Build configuration list for PBXNativeTarget "TransMuzik" */ = {
			isa = XCConfigurationList;
			buildConfigurations = (
				2D92D2831CCC2A5D00FCA5D4 /* Debug */,
				2D92D2841CCC2A5D00FCA5D4 /* Release */,
			);
			defaultConfigurationIsVisible = 0;
			defaultConfigurationName = Release;
		};
		2D92D2851CCC2A5D00FCA5D4 /* Build configuration list for PBXNativeTarget "TransMuzikTests" */ = {
			isa = XCConfigurationList;
			buildConfigurations = (
				2D92D2861CCC2A5D00FCA5D4 /* Debug */,
				2D92D2871CCC2A5D00FCA5D4 /* Release */,
			);
			defaultConfigurationIsVisible = 0;
			defaultConfigurationName = Release;
		};
		2D92D2881CCC2A5D00FCA5D4 /* Build configuration list for PBXNativeTarget "TransMuzikUITests" */ = {
			isa = XCConfigurationList;
			buildConfigurations = (
				2D92D2891CCC2A5D00FCA5D4 /* Debug */,
				2D92D28A1CCC2A5D00FCA5D4 /* Release */,
			);
			defaultConfigurationIsVisible = 0;
			defaultConfigurationName = Release;
		};
/* End XCConfigurationList section */
	};
	rootObject = 2D92D2521CCC2A5D00FCA5D4 /* Project object */;
}
